
Microsoft Visual Studio Solution File, Format Version 12.00
# Visual Studio Version 17
VisualStudioVersion = 17.9.34728.123
MinimumVisualStudioVersion = 10.0.40219.1
Project("{FAE04EC0-301F-11D3-BF4B-00C04F79EFBC}") = "UtasukiHtmlConverter", "UtasukiHtmlConverter\UtasukiHtmlConverter.csproj", "{8E595153-FD7F-44BD-A152-13BC5D0DC08D}"
EndProject
Global
	GlobalSection(SolutionConfigurationPlatforms) = preSolution
		Debug|Any CPU = Debug|Any CPU
		Release|Any CPU = Release|Any CPU
	EndGlobalSection
	GlobalSection(ProjectConfigurationPlatforms) = postSolution
		{8E595153-FD7F-44BD-A152-13BC5D0DC08D}.Debug|Any CPU.ActiveCfg = Debug|Any CPU
		{8E595153-FD7F-44BD-A152-13BC5D0DC08D}.Debug|Any CPU.Build.0 = Debug|Any CPU
		{8E595153-FD7F-44BD-A152-13BC5D0DC08D}.Release|Any CPU.ActiveCfg = Release|Any CPU
		{8E595153-FD7F-44BD-A152-13BC5D0DC08D}.Release|Any CPU.Build.0 = Release|Any CPU
	EndGlobalSection
	GlobalSection(SolutionProperties) = preSolution
		HideSolutionNode = FALSE
	EndGlobalSection
	GlobalSection(ExtensibilityGlobals) = postSolution
		SolutionGuid = {5CC8A344-FAE5-4848-AC7C-EB23FF6BD42D}
	EndGlobalSection
EndGlobal
